
Microsoft Visual Studio Solution File, Format Version 12.00
# Visual Studio Version 16
VisualStudioVersion = 25.0.1704.4
MinimumVisualStudioVersion = 10.0.40219.1
Project("{FAE04EC0-301F-11D3-BF4B-00C04F79EFBC}") = "Exercice 12", "Exercice 12\Exercice 12.csproj", "{0C8C8846-3558-46DD-804A-73DC47F0E0C5}"
EndProject
Global
	GlobalSection(SolutionConfigurationPlatforms) = preSolution
		Debug|Any CPU = Debug|Any CPU
		Release|Any CPU = Release|Any CPU
	EndGlobalSection
	GlobalSection(ProjectConfigurationPlatforms) = postSolution
		{0C8C8846-3558-46DD-804A-73DC47F0E0C5}.Debug|Any CPU.ActiveCfg = Debug|Any CPU
		{0C8C8846-3558-46DD-804A-73DC47F0E0C5}.Debug|Any CPU.Build.0 = Debug|Any CPU
		{0C8C8846-3558-46DD-804A-73DC47F0E0C5}.Release|Any CPU.ActiveCfg = Release|Any CPU
		{0C8C8846-3558-46DD-804A-73DC47F0E0C5}.Release|Any CPU.Build.0 = Release|Any CPU
	EndGlobalSection
	GlobalSection(SolutionProperties) = preSolution
		HideSolutionNode = FALSE
	EndGlobalSection
	GlobalSection(ExtensibilityGlobals) = postSolution
		SolutionGuid = {4A60FEB6-230E-482E-90BF-84FF090CEE08}
	EndGlobalSection
EndGlobal
